// !$*UTF8*$!
{
	archiveVersion = 1;
	classes = {
	};
	objectVersion = 50;
	objects = {

/* Begin PBXFileReference section */
		384487EE225E33AB004459A1 /* parser.cpp */ = {isa = PBXFileReference; lastKnownFileType = sourcecode.cpp.cpp; path = parser.cpp; sourceTree = "<group>"; };
		384487EF225E33AB004459A1 /* parser.hpp */ = {isa = PBXFileReference; lastKnownFileType = sourcecode.cpp.h; path = parser.hpp; sourceTree = "<group>"; };
		38C04E9B225E7AB4006D8727 /* test.cpp */ = {isa = PBXFileReference; lastKnownFileType = sourcecode.cpp.cpp; path = test.cpp; sourceTree = "<group>"; };
/* End PBXFileReference section */

/* Begin PBXGroup section */
		384487E7225E3388004459A1 = {
			isa = PBXGroup;
			children = (
				384487EE225E33AB004459A1 /* parser.cpp */,
				38C04E9B225E7AB4006D8727 /* test.cpp */,
				384487EF225E33AB004459A1 /* parser.hpp */,
			);
			sourceTree = "<group>";
		};
/* End PBXGroup section */

/* Begin PBXProject section */
		384487E8225E3388004459A1 /* Project object */ = {
			isa = PBXProject;
			attributes = {
				LastUpgradeCheck = 1020;
			};
			buildConfigurationList = 384487EB225E3388004459A1 /* Build configuration list for PBXProject "parserAudio.cc" */;
			compatibilityVersion = "Xcode 9.3";
			developmentRegion = en;
			hasScannedForEncodings = 0;
			knownRegions = (
				en,
			);
			mainGroup = 384487E7225E3388004459A1;
			projectDirPath = "";
			projectRoot = "";
			targets = (
			);
		};
/* End PBXProject section */

/* Begin XCBuildConfiguration section */
		384487EC225E3388004459A1 /* Debug */ = {
			isa = XCBuildConfiguration;
			buildSettings = {
			};
			name = Debug;
		};
		384487ED225E3388004459A1 /* Release */ = {
			isa = XCBuildConfiguration;
			buildSettings = {
			};
			name = Release;
		};
/* End XCBuildConfiguration section */

/* Begin XCConfigurationList section */
		384487EB225E3388004459A1 /* Build configuration list for PBXProject "parserAudio.cc" */ = {
			isa = XCConfigurationList;
			buildConfigurations = (
				384487EC225E3388004459A1 /* Debug */,
				384487ED225E3388004459A1 /* Release */,
			);
			defaultConfigurationIsVisible = 0;
			defaultConfigurationName = Release;
		};
/* End XCConfigurationList section */
	};
	rootObject = 384487E8225E3388004459A1 /* Project object */;
}
